{"1.1.0",
[{<<"bbmustache">>,{pkg,<<"bbmustache">>,<<"1.10.0">>},0},
 {<<"gleam_stdlib">>,{pkg,<<"gleam_stdlib">>,<<"0.10.1">>},0}]}.
[
{pkg_hash,[
 {<<"bbmustache">>, <<"DDC927463F0E95D66CDAC889153AF08015D609124D6D79006C248AD2DE7F6ECD">>},
 {<<"gleam_stdlib">>, <<"F123F33E03B5CDF5E19FC179B9EE81269DEB93F7DEFADB17EF2930E4DB9011E7">>}]}
].
